
Microsoft Visual Studio Solution File, Format Version 12.00
# Visual Studio Version 17
VisualStudioVersion = 17.5.33424.131
MinimumVisualStudioVersion = 10.0.40219.1
Project("{888888A0-9F3D-457C-B088-3A5042F75D52}") = "MAA11_Exercice_Template", "MAA11_Exercice_Template\MAA11_Exercice_Template.pyproj", "{ED71E8E7-D4B7-4643-8677-838A4DD501C6}"
EndProject
Global
	GlobalSection(SolutionConfigurationPlatforms) = preSolution
		Debug|Any CPU = Debug|Any CPU
		Release|Any CPU = Release|Any CPU
	EndGlobalSection
	GlobalSection(ProjectConfigurationPlatforms) = postSolution
		{ED71E8E7-D4B7-4643-8677-838A4DD501C6}.Debug|Any CPU.ActiveCfg = Debug|Any CPU
		{ED71E8E7-D4B7-4643-8677-838A4DD501C6}.Release|Any CPU.ActiveCfg = Release|Any CPU
	EndGlobalSection
	GlobalSection(SolutionProperties) = preSolution
		HideSolutionNode = FALSE
	EndGlobalSection
	GlobalSection(ExtensibilityGlobals) = postSolution
		SolutionGuid = {23E2E5B4-26F5-4FC1-B678-99D6435DA623}
	EndGlobalSection
EndGlobal
